
Microsoft Visual Studio Solution File, Format Version 12.00
# Visual Studio Version 17
VisualStudioVersion = 17.13.35806.99 d17.13
MinimumVisualStudioVersion = 10.0.40219.1
Project("{FAE04EC0-301F-11D3-BF4B-00C04F79EFBC}") = "Part4", "Part4\Part4.csproj", "{FC960751-A62B-4A86-8349-410F104DF5F5}"
EndProject
Global
	GlobalSection(SolutionConfigurationPlatforms) = preSolution
		Debug|Any CPU = Debug|Any CPU
		Release|Any CPU = Release|Any CPU
	EndGlobalSection
	GlobalSection(ProjectConfigurationPlatforms) = postSolution
		{FC960751-A62B-4A86-8349-410F104DF5F5}.Debug|Any CPU.ActiveCfg = Debug|Any CPU
		{FC960751-A62B-4A86-8349-410F104DF5F5}.Debug|Any CPU.Build.0 = Debug|Any CPU
		{FC960751-A62B-4A86-8349-410F104DF5F5}.Release|Any CPU.ActiveCfg = Release|Any CPU
		{FC960751-A62B-4A86-8349-410F104DF5F5}.Release|Any CPU.Build.0 = Release|Any CPU
	EndGlobalSection
	GlobalSection(SolutionProperties) = preSolution
		HideSolutionNode = FALSE
	EndGlobalSection
	GlobalSection(ExtensibilityGlobals) = postSolution
		SolutionGuid = {36A96355-0285-42DE-8CD5-343AC2787D04}
	EndGlobalSection
EndGlobal
